
Microsoft Visual Studio Solution File, Format Version 12.00
# Visual Studio Version 17
VisualStudioVersion = 17.8.34330.188
MinimumVisualStudioVersion = 10.0.40219.1
Project("{FAE04EC0-301F-11D3-BF4B-00C04F79EFBC}") = "CRUDAppUsingWebAPI", "CRUDAppUsingWebAPI\CRUDAppUsingWebAPI.csproj", "{228CB9F6-088D-4C93-97BE-00E79D228C81}"
EndProject
Global
	GlobalSection(SolutionConfigurationPlatforms) = preSolution
		Debug|Any CPU = Debug|Any CPU
		Release|Any CPU = Release|Any CPU
	EndGlobalSection
	GlobalSection(ProjectConfigurationPlatforms) = postSolution
		{228CB9F6-088D-4C93-97BE-00E79D228C81}.Debug|Any CPU.ActiveCfg = Debug|Any CPU
		{228CB9F6-088D-4C93-97BE-00E79D228C81}.Debug|Any CPU.Build.0 = Debug|Any CPU
		{228CB9F6-088D-4C93-97BE-00E79D228C81}.Release|Any CPU.ActiveCfg = Release|Any CPU
		{228CB9F6-088D-4C93-97BE-00E79D228C81}.Release|Any CPU.Build.0 = Release|Any CPU
	EndGlobalSection
	GlobalSection(SolutionProperties) = preSolution
		HideSolutionNode = FALSE
	EndGlobalSection
	GlobalSection(ExtensibilityGlobals) = postSolution
		SolutionGuid = {7495F0C1-22A4-4E8E-983C-B7E67367E834}
	EndGlobalSection
EndGlobal
